
Microsoft Visual Studio Solution File, Format Version 12.00
# Visual Studio 15
Project("{FAE04EC0-301F-11D3-BF4B-00C04F79EFBC}") = "TelloCommander.ConsoleApp", "TelloCommander.ConsoleApp\TelloCommander.ConsoleApp.csproj", "{292CB991-4AAD-4D7E-BB9D-8AFB1EA3693B}"
EndProject
Project("{FAE04EC0-301F-11D3-BF4B-00C04F79EFBC}") = "TelloCommander.CommandLine", "TelloCommander.CommandLine\TelloCommander.CommandLine.csproj", "{8CE981A8-72BC-4E6B-A15C-BA48E69AAF0A}"
EndProject
Global
	GlobalSection(SolutionConfigurationPlatforms) = preSolution
		Debug|Any CPU = Debug|Any CPU
		Release|Any CPU = Release|Any CPU
	EndGlobalSection
	GlobalSection(ProjectConfigurationPlatforms) = postSolution
		{292CB991-4AAD-4D7E-BB9D-8AFB1EA3693B}.Debug|Any CPU.ActiveCfg = Debug|Any CPU
		{292CB991-4AAD-4D7E-BB9D-8AFB1EA3693B}.Debug|Any CPU.Build.0 = Debug|Any CPU
		{292CB991-4AAD-4D7E-BB9D-8AFB1EA3693B}.Release|Any CPU.ActiveCfg = Release|Any CPU
		{292CB991-4AAD-4D7E-BB9D-8AFB1EA3693B}.Release|Any CPU.Build.0 = Release|Any CPU
		{8CE981A8-72BC-4E6B-A15C-BA48E69AAF0A}.Debug|Any CPU.ActiveCfg = Debug|Any CPU
		{8CE981A8-72BC-4E6B-A15C-BA48E69AAF0A}.Debug|Any CPU.Build.0 = Debug|Any CPU
		{8CE981A8-72BC-4E6B-A15C-BA48E69AAF0A}.Release|Any CPU.ActiveCfg = Release|Any CPU
		{8CE981A8-72BC-4E6B-A15C-BA48E69AAF0A}.Release|Any CPU.Build.0 = Release|Any CPU
	EndGlobalSection
EndGlobal
