Microsoft Visual Studio Solution File, Format Version 12.00
# Visual Studio Version 17
VisualStudioVersion = 17.8.34330.188
MinimumVisualStudioVersion = 10.0.40219.1
Project("{9A19103F-16F7-4668-BE54-9A1E7A4F7556}") = "TelloCommander", "TelloCommander\TelloCommander.csproj", "{A8524375-6BAD-4680-8DEA-BDA1E3A2C69C}"
EndProject
Project("{9A19103F-16F7-4668-BE54-9A1E7A4F7556}") = "TelloCommander.Tests", "TelloCommander.Tests\TelloCommander.Tests.csproj", "{1B359150-4F67-4EC9-9B8A-BFEB6730D07C}"
EndProject
Project("{9A19103F-16F7-4668-BE54-9A1E7A4F7556}") = "TelloSimulator", "TelloSimulator\TelloSimulator.csproj", "{E90A9773-CEF9-44BA-96B5-ADEBD0F80374}"
EndProject
Project("{9A19103F-16F7-4668-BE54-9A1E7A4F7556}") = "TelloCommander.Data", "TelloCommander.Data\TelloCommander.Data.csproj", "{64F89366-6FA1-4061-890C-DED9DBD6632D}"
EndProject
Project("{9A19103F-16F7-4668-BE54-9A1E7A4F7556}") = "TelloCommander.Data.InMemory", "TelloCommander.Data.InMemory\TelloCommander.Data.InMemory.csproj", "{4B54BB79-DB6F-475C-BCEC-7C47B6926631}"
EndProject
Project("{9A19103F-16F7-4668-BE54-9A1E7A4F7556}") = "TelloCommander.Data.Migrations", "TelloCommander.Data.Migrations\TelloCommander.Data.Migrations.csproj", "{2EC3581B-EAF3-4D83-856F-1542D1D72247}"
EndProject
Project("{9A19103F-16F7-4668-BE54-9A1E7A4F7556}") = "TelloCommander.Data.Sqlite", "TelloCommander.Data.Sqlite\TelloCommander.Data.Sqlite.csproj", "{29E92DEE-42C1-431A-BA40-4832809C4815}"
EndProject
Project("{9A19103F-16F7-4668-BE54-9A1E7A4F7556}") = "TelloCommander.CommandLine", "TelloCommander.CommandLine\TelloCommander.CommandLine.csproj", "{A394460C-B6A4-46B6-BF8E-39BA1B3248CB}"
EndProject
Project("{9A19103F-16F7-4668-BE54-9A1E7A4F7556}") = "TelloCommander.Demo", "TelloCommander.Demo\TelloCommander.Demo.csproj", "{E7B70087-0A88-4104-BDC5-76D9D34AAB50}"
EndProject
Global
	GlobalSection(SolutionConfigurationPlatforms) = preSolution
		Debug|Any CPU = Debug|Any CPU
		Release|Any CPU = Release|Any CPU
	EndGlobalSection
	GlobalSection(ProjectConfigurationPlatforms) = postSolution
		{A8524375-6BAD-4680-8DEA-BDA1E3A2C69C}.Debug|Any CPU.ActiveCfg = Debug|Any CPU
		{A8524375-6BAD-4680-8DEA-BDA1E3A2C69C}.Debug|Any CPU.Build.0 = Debug|Any CPU
		{A8524375-6BAD-4680-8DEA-BDA1E3A2C69C}.Release|Any CPU.ActiveCfg = Release|Any CPU
		{A8524375-6BAD-4680-8DEA-BDA1E3A2C69C}.Release|Any CPU.Build.0 = Release|Any CPU
		{1B359150-4F67-4EC9-9B8A-BFEB6730D07C}.Debug|Any CPU.ActiveCfg = Debug|Any CPU
		{1B359150-4F67-4EC9-9B8A-BFEB6730D07C}.Debug|Any CPU.Build.0 = Debug|Any CPU
		{1B359150-4F67-4EC9-9B8A-BFEB6730D07C}.Release|Any CPU.ActiveCfg = Release|Any CPU
		{1B359150-4F67-4EC9-9B8A-BFEB6730D07C}.Release|Any CPU.Build.0 = Release|Any CPU
		{E90A9773-CEF9-44BA-96B5-ADEBD0F80374}.Debug|Any CPU.ActiveCfg = Debug|Any CPU
		{E90A9773-CEF9-44BA-96B5-ADEBD0F80374}.Debug|Any CPU.Build.0 = Debug|Any CPU
		{E90A9773-CEF9-44BA-96B5-ADEBD0F80374}.Release|Any CPU.ActiveCfg = Release|Any CPU
		{E90A9773-CEF9-44BA-96B5-ADEBD0F80374}.Release|Any CPU.Build.0 = Release|Any CPU
		{64F89366-6FA1-4061-890C-DED9DBD6632D}.Debug|Any CPU.ActiveCfg = Debug|Any CPU
		{64F89366-6FA1-4061-890C-DED9DBD6632D}.Debug|Any CPU.Build.0 = Debug|Any CPU
		{64F89366-6FA1-4061-890C-DED9DBD6632D}.Release|Any CPU.ActiveCfg = Release|Any CPU
		{64F89366-6FA1-4061-890C-DED9DBD6632D}.Release|Any CPU.Build.0 = Release|Any CPU
		{4B54BB79-DB6F-475C-BCEC-7C47B6926631}.Debug|Any CPU.ActiveCfg = Debug|Any CPU
		{4B54BB79-DB6F-475C-BCEC-7C47B6926631}.Debug|Any CPU.Build.0 = Debug|Any CPU
		{4B54BB79-DB6F-475C-BCEC-7C47B6926631}.Release|Any CPU.ActiveCfg = Release|Any CPU
		{4B54BB79-DB6F-475C-BCEC-7C47B6926631}.Release|Any CPU.Build.0 = Release|Any CPU
		{2EC3581B-EAF3-4D83-856F-1542D1D72247}.Debug|Any CPU.ActiveCfg = Debug|Any CPU
		{2EC3581B-EAF3-4D83-856F-1542D1D72247}.Debug|Any CPU.Build.0 = Debug|Any CPU
		{2EC3581B-EAF3-4D83-856F-1542D1D72247}.Release|Any CPU.ActiveCfg = Release|Any CPU
		{2EC3581B-EAF3-4D83-856F-1542D1D72247}.Release|Any CPU.Build.0 = Release|Any CPU
		{29E92DEE-42C1-431A-BA40-4832809C4815}.Debug|Any CPU.ActiveCfg = Debug|Any CPU
		{29E92DEE-42C1-431A-BA40-4832809C4815}.Debug|Any CPU.Build.0 = Debug|Any CPU
		{29E92DEE-42C1-431A-BA40-4832809C4815}.Release|Any CPU.ActiveCfg = Release|Any CPU
		{29E92DEE-42C1-431A-BA40-4832809C4815}.Release|Any CPU.Build.0 = Release|Any CPU
		{A394460C-B6A4-46B6-BF8E-39BA1B3248CB}.Debug|Any CPU.ActiveCfg = Debug|Any CPU
		{A394460C-B6A4-46B6-BF8E-39BA1B3248CB}.Debug|Any CPU.Build.0 = Debug|Any CPU
		{A394460C-B6A4-46B6-BF8E-39BA1B3248CB}.Release|Any CPU.ActiveCfg = Release|Any CPU
		{A394460C-B6A4-46B6-BF8E-39BA1B3248CB}.Release|Any CPU.Build.0 = Release|Any CPU
		{E7B70087-0A88-4104-BDC5-76D9D34AAB50}.Debug|Any CPU.ActiveCfg = Debug|Any CPU
		{E7B70087-0A88-4104-BDC5-76D9D34AAB50}.Debug|Any CPU.Build.0 = Debug|Any CPU
		{E7B70087-0A88-4104-BDC5-76D9D34AAB50}.Release|Any CPU.ActiveCfg = Release|Any CPU
		{E7B70087-0A88-4104-BDC5-76D9D34AAB50}.Release|Any CPU.Build.0 = Release|Any CPU
	EndGlobalSection
	GlobalSection(SolutionProperties) = preSolution
		HideSolutionNode = FALSE
	EndGlobalSection
	GlobalSection(ExtensibilityGlobals) = postSolution
		SolutionGuid = {550CA541-BEF7-4369-BBED-3ACAECC3FB7B}
	EndGlobalSection
	GlobalSection(MonoDevelopProperties) = preSolution
		description = C# API for controlling a Tello Drone
		version = 1.0.0.5
		Policies = $0
		$0.DotNetNamingPolicy = $1
		$1.DirectoryNamespaceAssociation = PrefixedHierarchical
		$0.TextStylePolicy = $2
		$2.inheritsSet = null
		$2.scope = text/x-csharp
		$0.CSharpFormattingPolicy = $3
		$3.scope = text/x-csharp
		$0.StandardHeader = $4
		$0.VersionControlPolicy = $5
	EndGlobalSection
EndGlobal
